
Microsoft Visual Studio Solution File, Format Version 12.00
# Visual Studio Version 16
VisualStudioVersion = 16.0.30517.126
MinimumVisualStudioVersion = 10.0.40219.1
Project("{8BC9CEB8-8B4A-11D0-8D11-00A0C91BC942}") = "Test1", "Test1\Test1.vcxproj", "{FB7734B5-2355-44ED-AED4-2107C437C3E7}"
EndProject
Project("{8BC9CEB8-8B4A-11D0-8D11-00A0C91BC942}") = "AnotherTest", "..\AnotherTest\AnotherTest.vcxproj", "{7D56CF60-A895-42F7-9401-1E5256D6DBB0}"
EndProject
Global
	GlobalSection(SolutionConfigurationPlatforms) = preSolution
		Debug|x64 = Debug|x64
		Debug|x86 = Debug|x86
		Release|x64 = Release|x64
		Release|x86 = Release|x86
	EndGlobalSection
	GlobalSection(ProjectConfigurationPlatforms) = postSolution
		{FB7734B5-2355-44ED-AED4-2107C437C3E7}.Debug|x64.ActiveCfg = Debug|x64
		{FB7734B5-2355-44ED-AED4-2107C437C3E7}.Debug|x64.Build.0 = Debug|x64
		{FB7734B5-2355-44ED-AED4-2107C437C3E7}.Debug|x86.ActiveCfg = Debug|Win32
		{FB7734B5-2355-44ED-AED4-2107C437C3E7}.Debug|x86.Build.0 = Debug|Win32
		{FB7734B5-2355-44ED-AED4-2107C437C3E7}.Release|x64.ActiveCfg = Release|x64
		{FB7734B5-2355-44ED-AED4-2107C437C3E7}.Release|x64.Build.0 = Release|x64
		{FB7734B5-2355-44ED-AED4-2107C437C3E7}.Release|x86.ActiveCfg = Release|Win32
		{FB7734B5-2355-44ED-AED4-2107C437C3E7}.Release|x86.Build.0 = Release|Win32
		{7D56CF60-A895-42F7-9401-1E5256D6DBB0}.Debug|x64.ActiveCfg = Debug|x64
		{7D56CF60-A895-42F7-9401-1E5256D6DBB0}.Debug|x64.Build.0 = Debug|x64
		{7D56CF60-A895-42F7-9401-1E5256D6DBB0}.Debug|x86.ActiveCfg = Debug|Win32
		{7D56CF60-A895-42F7-9401-1E5256D6DBB0}.Debug|x86.Build.0 = Debug|Win32
		{7D56CF60-A895-42F7-9401-1E5256D6DBB0}.Release|x64.ActiveCfg = Release|x64
		{7D56CF60-A895-42F7-9401-1E5256D6DBB0}.Release|x64.Build.0 = Release|x64
		{7D56CF60-A895-42F7-9401-1E5256D6DBB0}.Release|x86.ActiveCfg = Release|Win32
		{7D56CF60-A895-42F7-9401-1E5256D6DBB0}.Release|x86.Build.0 = Release|Win32
	EndGlobalSection
	GlobalSection(SolutionProperties) = preSolution
		HideSolutionNode = FALSE
	EndGlobalSection
	GlobalSection(ExtensibilityGlobals) = postSolution
		SolutionGuid = {6477632C-193E-41CD-AC3D-9F5151BE68FD}
	EndGlobalSection
EndGlobal
